// !$*UTF8*$!
{
	archiveVersion = 1;
	classes = {
	};
	objectVersion = 46;
	objects = {

/* Begin PBXBuildFile section */
		BF15FD7214B3AFA80032D42E /* UIKit.framework in Frameworks */ = {isa = PBXBuildFile; fileRef = BF15FD7114B3AFA80032D42E /* UIKit.framework */; };
		BF15FD7414B3AFA80032D42E /* Foundation.framework in Frameworks */ = {isa = PBXBuildFile; fileRef = BF15FD7314B3AFA80032D42E /* Foundation.framework */; };
		BF15FD7614B3AFA80032D42E /* CoreGraphics.framework in Frameworks */ = {isa = PBXBuildFile; fileRef = BF15FD7514B3AFA80032D42E /* CoreGraphics.framework */; };
		BF15FD7C14B3AFA80032D42E /* InfoPlist.strings in Resources */ = {isa = PBXBuildFile; fileRef = BF15FD7A14B3AFA80032D42E /* InfoPlist.strings */; };
		BF15FD7E14B3AFA80032D42E /* main.m in Sources */ = {isa = PBXBuildFile; fileRef = BF15FD7D14B3AFA80032D42E /* main.m */; };
		BF15FD8214B3AFA80032D42E /* ButeFMMainAppDelegate.m in Sources */ = {isa = PBXBuildFile; fileRef = BF15FD8114B3AFA80032D42E /* ButeFMMainAppDelegate.m */; };
		BF15FD8514B3AFA80032D42E /* MainStoryboard_iPhone.storyboard in Resources */ = {isa = PBXBuildFile; fileRef = BF15FD8314B3AFA80032D42E /* MainStoryboard_iPhone.storyboard */; };
		BF15FD8814B3AFA80032D42E /* MainStoryboard_iPad.storyboard in Resources */ = {isa = PBXBuildFile; fileRef = BF15FD8614B3AFA80032D42E /* MainStoryboard_iPad.storyboard */; };
		BF15FD8B14B3AFA80032D42E /* ButeFMMainFirstViewController.m in Sources */ = {isa = PBXBuildFile; fileRef = BF15FD8A14B3AFA80032D42E /* ButeFMMainFirstViewController.m */; };
		BF15FD8D14B3AFA80032D42E /* first.png in Resources */ = {isa = PBXBuildFile; fileRef = BF15FD8C14B3AFA80032D42E /* first.png */; };
		BF15FD8F14B3AFA80032D42E /* first@2x.png in Resources */ = {isa = PBXBuildFile; fileRef = BF15FD8E14B3AFA80032D42E /* first@2x.png */; };
		BF15FD9214B3AFA80032D42E /* ButeFMMainSecondViewController.m in Sources */ = {isa = PBXBuildFile; fileRef = BF15FD9114B3AFA80032D42E /* ButeFMMainSecondViewController.m */; };
		BF15FD9414B3AFA80032D42E /* second.png in Resources */ = {isa = PBXBuildFile; fileRef = BF15FD9314B3AFA80032D42E /* second.png */; };
		BF15FD9614B3AFA80032D42E /* second@2x.png in Resources */ = {isa = PBXBuildFile; fileRef = BF15FD9514B3AFA80032D42E /* second@2x.png */; };
/* End PBXBuildFile section */

/* Begin PBXFileReference section */
		BF15FD6D14B3AFA80032D42E /* ButeFM.app */ = {isa = PBXFileReference; explicitFileType = wrapper.application; includeInIndex = 0; path = ButeFM.app; sourceTree = BUILT_PRODUCTS_DIR; };
		BF15FD7114B3AFA80032D42E /* UIKit.framework */ = {isa = PBXFileReference; lastKnownFileType = wrapper.framework; name = UIKit.framework; path = System/Library/Frameworks/UIKit.framework; sourceTree = SDKROOT; };
		BF15FD7314B3AFA80032D42E /* Foundation.framework */ = {isa = PBXFileReference; lastKnownFileType = wrapper.framework; name = Foundation.framework; path = System/Library/Frameworks/Foundation.framework; sourceTree = SDKROOT; };
		BF15FD7514B3AFA80032D42E /* CoreGraphics.framework */ = {isa = PBXFileReference; lastKnownFileType = wrapper.framework; name = CoreGraphics.framework; path = System/Library/Frameworks/CoreGraphics.framework; sourceTree = SDKROOT; };
		BF15FD7914B3AFA80032D42E /* ButeFM-Info.plist */ = {isa = PBXFileReference; path = "ButeFM-Info.plist"; sourceTree = "<group>"; };
		BF15FD7B14B3AFA80032D42E /* en */ = {isa = PBXFileReference; lastKnownFileType = text.plist.strings; name = en; path = en.lproj/InfoPlist.strings; sourceTree = "<group>"; };
		BF15FD7D14B3AFA80032D42E /* main.m */ = {isa = PBXFileReference; lastKnownFileType = sourcecode.c.objc; path = main.m; sourceTree = "<group>"; };
		BF15FD7F14B3AFA80032D42E /* ButeFM-Prefix.pch */ = {isa = PBXFileReference; path = "ButeFM-Prefix.pch"; sourceTree = "<group>"; };
		BF15FD8014B3AFA80032D42E /* ButeFMMainAppDelegate.h */ = {isa = PBXFileReference; path = ButeFMMainAppDelegate.h; sourceTree = "<group>"; };
		BF15FD8114B3AFA80032D42E /* ButeFMMainAppDelegate.m */ = {isa = PBXFileReference; lastKnownFileType = sourcecode.c.objc; path = ButeFMMainAppDelegate.m; sourceTree = "<group>"; };
		BF15FD8414B3AFA80032D42E /* en */ = {isa = PBXFileReference; lastKnownFileType = file.storyboard; name = en; path = en.lproj/MainStoryboard_iPhone.storyboard; sourceTree = "<group>"; };
		BF15FD8714B3AFA80032D42E /* en */ = {isa = PBXFileReference; lastKnownFileType = file.storyboard; name = en; path = en.lproj/MainStoryboard_iPad.storyboard; sourceTree = "<group>"; };
		BF15FD8914B3AFA80032D42E /* ButeFMMainFirstViewController.h */ = {isa = PBXFileReference; path = ButeFMMainFirstViewController.h; sourceTree = "<group>"; };
		BF15FD8A14B3AFA80032D42E /* ButeFMMainFirstViewController.m */ = {isa = PBXFileReference; lastKnownFileType = sourcecode.c.objc; path = ButeFMMainFirstViewController.m; sourceTree = "<group>"; };
		BF15FD8C14B3AFA80032D42E /* first.png */ = {isa = PBXFileReference; lastKnownFileType = image.png; path = first.png; sourceTree = "<group>"; };
		BF15FD8E14B3AFA80032D42E /* first@2x.png */ = {isa = PBXFileReference; lastKnownFileType = image.png; path = "first@2x.png"; sourceTree = "<group>"; };
		BF15FD9014B3AFA80032D42E /* ButeFMMainSecondViewController.h */ = {isa = PBXFileReference; path = ButeFMMainSecondViewController.h; sourceTree = "<group>"; };
		BF15FD9114B3AFA80032D42E /* ButeFMMainSecondViewController.m */ = {isa = PBXFileReference; lastKnownFileType = sourcecode.c.objc; path = ButeFMMainSecondViewController.m; sourceTree = "<group>"; };
		BF15FD9314B3AFA80032D42E /* second.png */ = {isa = PBXFileReference; lastKnownFileType = image.png; path = second.png; sourceTree = "<group>"; };
		BF15FD9514B3AFA80032D42E /* second@2x.png */ = {isa = PBXFileReference; lastKnownFileType = image.png; path = "second@2x.png"; sourceTree = "<group>"; };
/* End PBXFileReference section */

/* Begin PBXFrameworksBuildPhase section */
		BF15FD6A14B3AFA80032D42E /* Frameworks */ = {
			isa = PBXFrameworksBuildPhase;
			buildActionMask = 2147483647;
			files = (
				BF15FD7214B3AFA80032D42E /* UIKit.framework in Frameworks */,
				BF15FD7414B3AFA80032D42E /* Foundation.framework in Frameworks */,
				BF15FD7614B3AFA80032D42E /* CoreGraphics.framework in Frameworks */,
			);
			runOnlyForDeploymentPostprocessing = 0;
		};
/* End PBXFrameworksBuildPhase section */

/* Begin PBXGroup section */
		BF15FD6214B3AFA60032D42E = {
			isa = PBXGroup;
			children = (
				BF15FD7714B3AFA80032D42E /* ButeFM */,
				BF15FD7014B3AFA80032D42E /* Frameworks */,
				BF15FD6E14B3AFA80032D42E /* Products */,
			);
			sourceTree = "<group>";
		};
		BF15FD6E14B3AFA80032D42E /* Products */ = {
			isa = PBXGroup;
			children = (
				BF15FD6D14B3AFA80032D42E /* ButeFM.app */,
			);
			name = Products;
			sourceTree = "<group>";
		};
		BF15FD7014B3AFA80032D42E /* Frameworks */ = {
			isa = PBXGroup;
			children = (
				BF15FD7114B3AFA80032D42E /* UIKit.framework */,
				BF15FD7314B3AFA80032D42E /* Foundation.framework */,
				BF15FD7514B3AFA80032D42E /* CoreGraphics.framework */,
			);
			name = Frameworks;
			sourceTree = "<group>";
		};
		BF15FD7714B3AFA80032D42E /* ButeFM */ = {
			isa = PBXGroup;
			children = (
				BF15FD8014B3AFA80032D42E /* ButeFMMainAppDelegate.h */,
				BF15FD8114B3AFA80032D42E /* ButeFMMainAppDelegate.m */,
				BF15FD8314B3AFA80032D42E /* MainStoryboard_iPhone.storyboard */,
				BF15FD8614B3AFA80032D42E /* MainStoryboard_iPad.storyboard */,
				BF15FD8914B3AFA80032D42E /* ButeFMMainFirstViewController.h */,
				BF15FD8A14B3AFA80032D42E /* ButeFMMainFirstViewController.m */,
				BF15FD8C14B3AFA80032D42E /* first.png */,
				BF15FD8E14B3AFA80032D42E /* first@2x.png */,
				BF15FD9014B3AFA80032D42E /* ButeFMMainSecondViewController.h */,
				BF15FD9114B3AFA80032D42E /* ButeFMMainSecondViewController.m */,
				BF15FD9314B3AFA80032D42E /* second.png */,
				BF15FD9514B3AFA80032D42E /* second@2x.png */,
				BF15FD7814B3AFA80032D42E /* Supporting Files */,
			);
			path = ButeFM;
			sourceTree = "<group>";
		};
		BF15FD7814B3AFA80032D42E /* Supporting Files */ = {
			isa = PBXGroup;
			children = (
				BF15FD7914B3AFA80032D42E /* ButeFM-Info.plist */,
				BF15FD7A14B3AFA80032D42E /* InfoPlist.strings */,
				BF15FD7D14B3AFA80032D42E /* main.m */,
				BF15FD7F14B3AFA80032D42E /* ButeFM-Prefix.pch */,
			);
			name = "Supporting Files";
			sourceTree = "<group>";
		};
/* End PBXGroup section */

/* Begin PBXNativeTarget section */
		BF15FD6C14B3AFA80032D42E /* ButeFM */ = {
			isa = PBXNativeTarget;
			buildConfigurationList = BF15FD9914B3AFA80032D42E /* Build configuration list for PBXNativeTarget "ButeFM" */;
			buildPhases = (
				BF15FD6914B3AFA80032D42E /* Sources */,
				BF15FD6A14B3AFA80032D42E /* Frameworks */,
				BF15FD6B14B3AFA80032D42E /* Resources */,
			);
			buildRules = (
			);
			dependencies = (
			);
			name = ButeFM;
			productName = ButeFM;
			productReference = BF15FD6D14B3AFA80032D42E /* ButeFM.app */;
			productType = "com.apple.product-type.application";
		};
/* End PBXNativeTarget section */

/* Begin PBXProject section */
		BF15FD6414B3AFA60032D42E /* Project object */ = {
			isa = PBXProject;
			attributes = {
				LastUpgradeCheck = 0420;
				ORGANIZATIONNAME = b099l3;
			};
			buildConfigurationList = BF15FD6714B3AFA60032D42E /* Build configuration list for PBXProject "ButeFM" */;
			compatibilityVersion = "Xcode 3.2";
			developmentRegion = English;
			hasScannedForEncodings = 0;
			knownRegions = (
				en,
			);
			mainGroup = BF15FD6214B3AFA60032D42E;
			productRefGroup = BF15FD6E14B3AFA80032D42E /* Products */;
			projectDirPath = "";
			projectRoot = "";
			targets = (
				BF15FD6C14B3AFA80032D42E /* ButeFM */,
			);
		};
/* End PBXProject section */

/* Begin PBXResourcesBuildPhase section */
		BF15FD6B14B3AFA80032D42E /* Resources */ = {
			isa = PBXResourcesBuildPhase;
			buildActionMask = 2147483647;
			files = (
				BF15FD7C14B3AFA80032D42E /* InfoPlist.strings in Resources */,
				BF15FD8514B3AFA80032D42E /* MainStoryboard_iPhone.storyboard in Resources */,
				BF15FD8814B3AFA80032D42E /* MainStoryboard_iPad.storyboard in Resources */,
				BF15FD8D14B3AFA80032D42E /* first.png in Resources */,
				BF15FD8F14B3AFA80032D42E /* first@2x.png in Resources */,
				BF15FD9414B3AFA80032D42E /* second.png in Resources */,
				BF15FD9614B3AFA80032D42E /* second@2x.png in Resources */,
			);
			runOnlyForDeploymentPostprocessing = 0;
		};
/* End PBXResourcesBuildPhase section */

/* Begin PBXSourcesBuildPhase section */
		BF15FD6914B3AFA80032D42E /* Sources */ = {
			isa = PBXSourcesBuildPhase;
			buildActionMask = 2147483647;
			files = (
				BF15FD7E14B3AFA80032D42E /* main.m in Sources */,
				BF15FD8214B3AFA80032D42E /* ButeFMMainAppDelegate.m in Sources */,
				BF15FD8B14B3AFA80032D42E /* ButeFMMainFirstViewController.m in Sources */,
				BF15FD9214B3AFA80032D42E /* ButeFMMainSecondViewController.m in Sources */,
			);
			runOnlyForDeploymentPostprocessing = 0;
		};
/* End PBXSourcesBuildPhase section */

/* Begin PBXVariantGroup section */
		BF15FD7A14B3AFA80032D42E /* InfoPlist.strings */ = {
			isa = PBXVariantGroup;
			children = (
				BF15FD7B14B3AFA80032D42E /* en */,
			);
			name = InfoPlist.strings;
			sourceTree = "<group>";
		};
		BF15FD8314B3AFA80032D42E /* MainStoryboard_iPhone.storyboard */ = {
			isa = PBXVariantGroup;
			children = (
				BF15FD8414B3AFA80032D42E /* en */,
			);
			name = MainStoryboard_iPhone.storyboard;
			sourceTree = "<group>";
		};
		BF15FD8614B3AFA80032D42E /* MainStoryboard_iPad.storyboard */ = {
			isa = PBXVariantGroup;
			children = (
				BF15FD8714B3AFA80032D42E /* en */,
			);
			name = MainStoryboard_iPad.storyboard;
			sourceTree = "<group>";
		};
/* End PBXVariantGroup section */

/* Begin XCBuildConfiguration section */
		BF15FD9714B3AFA80032D42E /* Debug */ = {
			isa = XCBuildConfiguration;
			buildSettings = {
				ALWAYS_SEARCH_USER_PATHS = NO;
				ARCHS = "$(ARCHS_STANDARD_32_BIT)";
				CLANG_ENABLE_OBJC_ARC = YES;
				"CODE_SIGN_IDENTITY[sdk=iphoneos*]" = "iPhone Developer";
				COPY_PHASE_STRIP = NO;
				GCC_C_LANGUAGE_STANDARD = gnu99;
				GCC_DYNAMIC_NO_PIC = NO;
				GCC_OPTIMIZATION_LEVEL = 0;
				GCC_PREPROCESSOR_DEFINITIONS = (
					"DEBUG=1",
					"$(inherited)",
				);
				GCC_SYMBOLS_PRIVATE_EXTERN = NO;
				GCC_VERSION = com.apple.compilers.llvm.clang.1_0;
				GCC_WARN_ABOUT_MISSING_PROTOTYPES = YES;
				GCC_WARN_ABOUT_RETURN_TYPE = YES;
				GCC_WARN_UNUSED_VARIABLE = YES;
				IPHONEOS_DEPLOYMENT_TARGET = 5.0;
				SDKROOT = iphoneos;
				TARGETED_DEVICE_FAMILY = "1,2";
			};
			name = Debug;
		};
		BF15FD9814B3AFA80032D42E /* Release */ = {
			isa = XCBuildConfiguration;
			buildSettings = {
				ALWAYS_SEARCH_USER_PATHS = NO;
				ARCHS = "$(ARCHS_STANDARD_32_BIT)";
				CLANG_ENABLE_OBJC_ARC = YES;
				"CODE_SIGN_IDENTITY[sdk=iphoneos*]" = "iPhone Developer";
				COPY_PHASE_STRIP = YES;
				GCC_C_LANGUAGE_STANDARD = gnu99;
				GCC_VERSION = com.apple.compilers.llvm.clang.1_0;
				GCC_WARN_ABOUT_MISSING_PROTOTYPES = YES;
				GCC_WARN_ABOUT_RETURN_TYPE = YES;
				GCC_WARN_UNUSED_VARIABLE = YES;
				IPHONEOS_DEPLOYMENT_TARGET = 5.0;
				OTHER_CFLAGS = "-DNS_BLOCK_ASSERTIONS=1";
				SDKROOT = iphoneos;
				TARGETED_DEVICE_FAMILY = "1,2";
				VALIDATE_PRODUCT = YES;
			};
			name = Release;
		};
		BF15FD9A14B3AFA80032D42E /* Debug */ = {
			isa = XCBuildConfiguration;
			buildSettings = {
				GCC_PRECOMPILE_PREFIX_HEADER = YES;
				GCC_PREFIX_HEADER = "ButeFM/ButeFM-Prefix.pch";
				INFOPLIST_FILE = "ButeFM/ButeFM-Info.plist";
				PRODUCT_NAME = "$(TARGET_NAME)";
				WRAPPER_EXTENSION = app;
			};
			name = Debug;
		};
		BF15FD9B14B3AFA80032D42E /* Release */ = {
			isa = XCBuildConfiguration;
			buildSettings = {
				GCC_PRECOMPILE_PREFIX_HEADER = YES;
				GCC_PREFIX_HEADER = "ButeFM/ButeFM-Prefix.pch";
				INFOPLIST_FILE = "ButeFM/ButeFM-Info.plist";
				PRODUCT_NAME = "$(TARGET_NAME)";
				WRAPPER_EXTENSION = app;
			};
			name = Release;
		};
/* End XCBuildConfiguration section */

/* Begin XCConfigurationList section */
		BF15FD6714B3AFA60032D42E /* Build configuration list for PBXProject "ButeFM" */ = {
			isa = XCConfigurationList;
			buildConfigurations = (
				BF15FD9714B3AFA80032D42E /* Debug */,
				BF15FD9814B3AFA80032D42E /* Release */,
			);
			defaultConfigurationIsVisible = 0;
			defaultConfigurationName = Release;
		};
		BF15FD9914B3AFA80032D42E /* Build configuration list for PBXNativeTarget "ButeFM" */ = {
			isa = XCConfigurationList;
			buildConfigurations = (
				BF15FD9A14B3AFA80032D42E /* Debug */,
				BF15FD9B14B3AFA80032D42E /* Release */,
			);
			defaultConfigurationIsVisible = 0;
		};
/* End XCConfigurationList section */
	};
	rootObject = BF15FD6414B3AFA60032D42E /* Project object */;
}
